{
    "_readme": [
        "This file locks the dependencies of your project to a known state",
        "Read more about it at https://getcomposer.org/doc/01-basic-usage.md#composer-lock-the-lock-file",
        "This file is @generated automatically"
    ],
    "content-hash": "e169f999e33bd65956e1a2a98c0dc635",
    "packages": [],
    "packages-dev": [
        {
            "require": {
                "php": "^7.2",
                "another-vendor/package": "1.*"
             }  
        }
